<?xml version="1.0" encoding="utf-8"?>
<Project ToolsVersion="4.0" xmlns="http://schemas.microsoft.com/developer/msbuild/2003">
  <ItemGroup>
    <Filter Include="Source Files">
      <UniqueIdentifier>{2824a6cd-53d2-48c2-9313-62bc5bebc014}</UniqueIdentifier>
      <Extensions>cpp;c;cxx;def;odl;idl;hpj;bat;asm</Extensions>
    </Filter>
    <Filter Include="Header Files">
      <UniqueIdentifier>{39e10757-47fd-460a-8d22-c53e0d62c8fe}</UniqueIdentifier>
      <Extensions>h;hpp;hxx;hm;inl;inc</Extensions>
    </Filter>
    <Filter Include="Resource Files">
      <UniqueIdentifier>{4c3298ce-7b33-48cb-b295-9ba8d75f4839}</UniqueIdentifier>
      <Extensions>rc;ico;cur;bmp;dlg;rc2;rct;bin;rgs;gif;jpg;jpeg;jpe</Extensions>
    </Filter>
  </ItemGroup>
  <ItemGroup>
    <ClCompile Include="armor.c">
      <Filter>Source Files</Filter>
    </ClCompile>
    <ClCompile Include="chase.c">
      <Filter>Source Files</Filter>
    </ClCompile>
    <ClCompile Include="command.c">
      <Filter>Source Files</Filter>
    </ClCompile>
    <ClCompile Include="daemon.c">
      <Filter>Source Files</Filter>
    </ClCompile>
    <ClCompile Include="daemons.c">
      <Filter>Source Files</Filter>
    </ClCompile>
    <ClCompile Include="extern.c">
      <Filter>Source Files</Filter>
    </ClCompile>
    <ClCompile Include="fight.c">
      <Filter>Source Files</Filter>
    </ClCompile>
    <ClCompile Include="init.c">
      <Filter>Source Files</Filter>
    </ClCompile>
    <ClCompile Include="io.c">
      <Filter>Source Files</Filter>
    </ClCompile>
    <ClCompile Include="list.c">
      <Filter>Source Files</Filter>
    </ClCompile>
    <ClCompile Include="mach_dep.c">
      <Filter>Source Files</Filter>
    </ClCompile>
    <ClCompile Include="main.c">
      <Filter>Source Files</Filter>
    </ClCompile>
    <ClCompile Include="mdport.c">
      <Filter>Source Files</Filter>
    </ClCompile>
    <ClCompile Include="misc.c">
      <Filter>Source Files</Filter>
    </ClCompile>
    <ClCompile Include="monsters.c">
      <Filter>Source Files</Filter>
    </ClCompile>
    <ClCompile Include="move.c">
      <Filter>Source Files</Filter>
    </ClCompile>
    <ClCompile Include="new_level.c">
      <Filter>Source Files</Filter>
    </ClCompile>
    <ClCompile Include="options.c">
      <Filter>Source Files</Filter>
    </ClCompile>
    <ClCompile Include="pack.c">
      <Filter>Source Files</Filter>
    </ClCompile>
    <ClCompile Include="passages.c">
      <Filter>Source Files</Filter>
    </ClCompile>
    <ClCompile Include="potions.c">
      <Filter>Source Files</Filter>
    </ClCompile>
    <ClCompile Include="rings.c">
      <Filter>Source Files</Filter>
    </ClCompile>
    <ClCompile Include="rip.c">
      <Filter>Source Files</Filter>
    </ClCompile>
    <ClCompile Include="rooms.c">
      <Filter>Source Files</Filter>
    </ClCompile>
    <ClCompile Include="save.c">
      <Filter>Source Files</Filter>
    </ClCompile>
    <ClCompile Include="scrolls.c">
      <Filter>Source Files</Filter>
    </ClCompile>
    <ClCompile Include="state.c">
      <Filter>Source Files</Filter>
    </ClCompile>
    <ClCompile Include="sticks.c">
      <Filter>Source Files</Filter>
    </ClCompile>
    <ClCompile Include="things.c">
      <Filter>Source Files</Filter>
    </ClCompile>
    <ClCompile Include="vers.c">
      <Filter>Source Files</Filter>
    </ClCompile>
    <ClCompile Include="weapons.c">
      <Filter>Source Files</Filter>
    </ClCompile>
    <ClCompile Include="wizard.c">
      <Filter>Source Files</Filter>
    </ClCompile>
    <ClCompile Include="xcrypt.c">
      <Filter>Source Files</Filter>
    </ClCompile>
  </ItemGroup>
  <ItemGroup>
    <ClInclude Include="extern.h">
      <Filter>Header Files</Filter>
    </ClInclude>
    <ClInclude Include="rogue.h">
      <Filter>Header Files</Filter>
    </ClInclude>
    <ClInclude Include="score.h">
      <Filter>Header Files</Filter>
    </ClInclude>
  </ItemGroup>
  <ItemGroup>
    <Text Include="LICENSE.TXT" />
  </ItemGroup>
</Project>